// !$*UTF8*$!
{
	archiveVersion = 1;
	classes = {
	};
	objectVersion = 51;
	objects = {

/* Begin PBXBuildFile section */
		913EC3B3555C32CEA897EDB9 /* Pods_MarvelMeTests.framework in Frameworks */ = {isa = PBXBuildFile; fileRef = D0857244A0DCBF85F65FAC99 /* Pods_MarvelMeTests.framework */; };
		C63A9CC92469AE6500FE0182 /* ComicDetailCoordinator.swift in Sources */ = {isa = PBXBuildFile; fileRef = C63A9CC82469AE6500FE0182 /* ComicDetailCoordinator.swift */; };
		C63A9CCB2469AE7C00FE0182 /* ComicDetailViewModel.swift in Sources */ = {isa = PBXBuildFile; fileRef = C63A9CCA2469AE7C00FE0182 /* ComicDetailViewModel.swift */; };
		C63A9CCD2469AEA000FE0182 /* ComicDetailViewController.swift in Sources */ = {isa = PBXBuildFile; fileRef = C63A9CCC2469AEA000FE0182 /* ComicDetailViewController.swift */; };
		C63A9CCF246AB03B00FE0182 /* ComicDetail.swift in Sources */ = {isa = PBXBuildFile; fileRef = C63A9CCE246AB03B00FE0182 /* ComicDetail.swift */; };
		C6ABADB124640D8B00CA8AD0 /* AppDelegate.swift in Sources */ = {isa = PBXBuildFile; fileRef = C6ABADB024640D8B00CA8AD0 /* AppDelegate.swift */; };
		C6ABADB324640D8B00CA8AD0 /* SceneDelegate.swift in Sources */ = {isa = PBXBuildFile; fileRef = C6ABADB224640D8B00CA8AD0 /* SceneDelegate.swift */; };
		C6ABADBA24640D9000CA8AD0 /* Assets.xcassets in Resources */ = {isa = PBXBuildFile; fileRef = C6ABADB924640D9000CA8AD0 /* Assets.xcassets */; };
		C6ABADBD24640D9000CA8AD0 /* LaunchScreen.storyboard in Resources */ = {isa = PBXBuildFile; fileRef = C6ABADBB24640D9000CA8AD0 /* LaunchScreen.storyboard */; };
		C6ABADC824640D9000CA8AD0 /* MarvelMeTests.swift in Sources */ = {isa = PBXBuildFile; fileRef = C6ABADC724640D9000CA8AD0 /* MarvelMeTests.swift */; };
		C6ABADD7246439F100CA8AD0 /* MarvelService.swift in Sources */ = {isa = PBXBuildFile; fileRef = C6ABADD6246439F000CA8AD0 /* MarvelService.swift */; };
		C6ABADDA24644E6D00CA8AD0 /* Comic.swift in Sources */ = {isa = PBXBuildFile; fileRef = C6ABADD924644E6D00CA8AD0 /* Comic.swift */; };
		C6ABADDE2469602900CA8AD0 /* AppCoordinator.swift in Sources */ = {isa = PBXBuildFile; fileRef = C6ABADDD2469602900CA8AD0 /* AppCoordinator.swift */; };
		C6ABADE02469605E00CA8AD0 /* Coordinator.swift in Sources */ = {isa = PBXBuildFile; fileRef = C6ABADDF2469605D00CA8AD0 /* Coordinator.swift */; };
		C6ABADE22469609B00CA8AD0 /* ComicListCoordinator.swift in Sources */ = {isa = PBXBuildFile; fileRef = C6ABADE12469609B00CA8AD0 /* ComicListCoordinator.swift */; };
		C6ABADE42469610500CA8AD0 /* ComicListViewModel.swift in Sources */ = {isa = PBXBuildFile; fileRef = C6ABADE32469610500CA8AD0 /* ComicListViewModel.swift */; };
		C6ABADE62469617D00CA8AD0 /* ComicListViewController.swift in Sources */ = {isa = PBXBuildFile; fileRef = C6ABADE52469617D00CA8AD0 /* ComicListViewController.swift */; };
		C6ABADE8246961BD00CA8AD0 /* ComicListCell.swift in Sources */ = {isa = PBXBuildFile; fileRef = C6ABADE7246961BD00CA8AD0 /* ComicListCell.swift */; };
		C6ABADEA246961FE00CA8AD0 /* ComicCellViewModel.swift in Sources */ = {isa = PBXBuildFile; fileRef = C6ABADE9246961FE00CA8AD0 /* ComicCellViewModel.swift */; };
		CD7AE896D0ED57973B1800E6 /* Pods_MarvelMe.framework in Frameworks */ = {isa = PBXBuildFile; fileRef = F127C58E9ABE273A6394DEA6 /* Pods_MarvelMe.framework */; };
/* End PBXBuildFile section */

/* Begin PBXContainerItemProxy section */
		C6ABADC424640D9000CA8AD0 /* PBXContainerItemProxy */ = {
			isa = PBXContainerItemProxy;
			containerPortal = C6ABADA524640D8B00CA8AD0 /* Project object */;
			proxyType = 1;
			remoteGlobalIDString = C6ABADAC24640D8B00CA8AD0;
			remoteInfo = MarvelMe;
		};
/* End PBXContainerItemProxy section */

/* Begin PBXFileReference section */
		0F7D802A43B2953BDF66A8C8 /* Pods-MarvelMeTests.debug.xcconfig */ = {isa = PBXFileReference; includeInIndex = 1; lastKnownFileType = text.xcconfig; name = "Pods-MarvelMeTests.debug.xcconfig"; path = "Target Support Files/Pods-MarvelMeTests/Pods-MarvelMeTests.debug.xcconfig"; sourceTree = "<group>"; };
		4753583561D7A5ACEA467D19 /* Pods-MarvelMeTests.release.xcconfig */ = {isa = PBXFileReference; includeInIndex = 1; lastKnownFileType = text.xcconfig; name = "Pods-MarvelMeTests.release.xcconfig"; path = "Target Support Files/Pods-MarvelMeTests/Pods-MarvelMeTests.release.xcconfig"; sourceTree = "<group>"; };
		84878A7BFAC16894573CB7A8 /* Pods-MarvelMe.debug.xcconfig */ = {isa = PBXFileReference; includeInIndex = 1; lastKnownFileType = text.xcconfig; name = "Pods-MarvelMe.debug.xcconfig"; path = "Target Support Files/Pods-MarvelMe/Pods-MarvelMe.debug.xcconfig"; sourceTree = "<group>"; };
		C63A9CC82469AE6500FE0182 /* ComicDetailCoordinator.swift */ = {isa = PBXFileReference; lastKnownFileType = sourcecode.swift; path = ComicDetailCoordinator.swift; sourceTree = "<group>"; };
		C63A9CCA2469AE7C00FE0182 /* ComicDetailViewModel.swift */ = {isa = PBXFileReference; lastKnownFileType = sourcecode.swift; path = ComicDetailViewModel.swift; sourceTree = "<group>"; };
		C63A9CCC2469AEA000FE0182 /* ComicDetailViewController.swift */ = {isa = PBXFileReference; lastKnownFileType = sourcecode.swift; path = ComicDetailViewController.swift; sourceTree = "<group>"; };
		C63A9CCE246AB03B00FE0182 /* ComicDetail.swift */ = {isa = PBXFileReference; lastKnownFileType = sourcecode.swift; path = ComicDetail.swift; sourceTree = "<group>"; };
		C6ABADAD24640D8B00CA8AD0 /* MarvelMe.app */ = {isa = PBXFileReference; explicitFileType = wrapper.application; includeInIndex = 0; path = MarvelMe.app; sourceTree = BUILT_PRODUCTS_DIR; };
		C6ABADB024640D8B00CA8AD0 /* AppDelegate.swift */ = {isa = PBXFileReference; lastKnownFileType = sourcecode.swift; path = AppDelegate.swift; sourceTree = "<group>"; };
		C6ABADB224640D8B00CA8AD0 /* SceneDelegate.swift */ = {isa = PBXFileReference; lastKnownFileType = sourcecode.swift; path = SceneDelegate.swift; sourceTree = "<group>"; };
		C6ABADB924640D9000CA8AD0 /* Assets.xcassets */ = {isa = PBXFileReference; lastKnownFileType = folder.assetcatalog; path = Assets.xcassets; sourceTree = "<group>"; };
		C6ABADBC24640D9000CA8AD0 /* Base */ = {isa = PBXFileReference; lastKnownFileType = file.storyboard; name = Base; path = Base.lproj/LaunchScreen.storyboard; sourceTree = "<group>"; };
		C6ABADBE24640D9000CA8AD0 /* Info.plist */ = {isa = PBXFileReference; lastKnownFileType = text.plist.xml; path = Info.plist; sourceTree = "<group>"; };
		C6ABADC324640D9000CA8AD0 /* MarvelMeTests.xctest */ = {isa = PBXFileReference; explicitFileType = wrapper.cfbundle; includeInIndex = 0; path = MarvelMeTests.xctest; sourceTree = BUILT_PRODUCTS_DIR; };
		C6ABADC724640D9000CA8AD0 /* MarvelMeTests.swift */ = {isa = PBXFileReference; lastKnownFileType = sourcecode.swift; path = MarvelMeTests.swift; sourceTree = "<group>"; };
		C6ABADC924640D9000CA8AD0 /* Info.plist */ = {isa = PBXFileReference; lastKnownFileType = text.plist.xml; path = Info.plist; sourceTree = "<group>"; };
		C6ABADD6246439F000CA8AD0 /* MarvelService.swift */ = {isa = PBXFileReference; lastKnownFileType = sourcecode.swift; path = MarvelService.swift; sourceTree = "<group>"; };
		C6ABADD924644E6D00CA8AD0 /* Comic.swift */ = {isa = PBXFileReference; lastKnownFileType = sourcecode.swift; path = Comic.swift; sourceTree = "<group>"; };
		C6ABADDD2469602900CA8AD0 /* AppCoordinator.swift */ = {isa = PBXFileReference; lastKnownFileType = sourcecode.swift; path = AppCoordinator.swift; sourceTree = "<group>"; };
		C6ABADDF2469605D00CA8AD0 /* Coordinator.swift */ = {isa = PBXFileReference; lastKnownFileType = sourcecode.swift; path = Coordinator.swift; sourceTree = "<group>"; };
		C6ABADE12469609B00CA8AD0 /* ComicListCoordinator.swift */ = {isa = PBXFileReference; lastKnownFileType = sourcecode.swift; path = ComicListCoordinator.swift; sourceTree = "<group>"; };
		C6ABADE32469610500CA8AD0 /* ComicListViewModel.swift */ = {isa = PBXFileReference; lastKnownFileType = sourcecode.swift; path = ComicListViewModel.swift; sourceTree = "<group>"; };
		C6ABADE52469617D00CA8AD0 /* ComicListViewController.swift */ = {isa = PBXFileReference; lastKnownFileType = sourcecode.swift; path = ComicListViewController.swift; sourceTree = "<group>"; };
		C6ABADE7246961BD00CA8AD0 /* ComicListCell.swift */ = {isa = PBXFileReference; lastKnownFileType = sourcecode.swift; path = ComicListCell.swift; sourceTree = "<group>"; };
		C6ABADE9246961FE00CA8AD0 /* ComicCellViewModel.swift */ = {isa = PBXFileReference; lastKnownFileType = sourcecode.swift; path = ComicCellViewModel.swift; sourceTree = "<group>"; };
		D0857244A0DCBF85F65FAC99 /* Pods_MarvelMeTests.framework */ = {isa = PBXFileReference; explicitFileType = wrapper.framework; includeInIndex = 0; path = Pods_MarvelMeTests.framework; sourceTree = BUILT_PRODUCTS_DIR; };
		F127C58E9ABE273A6394DEA6 /* Pods_MarvelMe.framework */ = {isa = PBXFileReference; explicitFileType = wrapper.framework; includeInIndex = 0; path = Pods_MarvelMe.framework; sourceTree = BUILT_PRODUCTS_DIR; };
		F6E22DAC504C4541CFC5F18F /* Pods-MarvelMe.release.xcconfig */ = {isa = PBXFileReference; includeInIndex = 1; lastKnownFileType = text.xcconfig; name = "Pods-MarvelMe.release.xcconfig"; path = "Target Support Files/Pods-MarvelMe/Pods-MarvelMe.release.xcconfig"; sourceTree = "<group>"; };
/* End PBXFileReference section */

/* Begin PBXFrameworksBuildPhase section */
		C6ABADAA24640D8B00CA8AD0 /* Frameworks */ = {
			isa = PBXFrameworksBuildPhase;
			buildActionMask = 2147483647;
			files = (
				CD7AE896D0ED57973B1800E6 /* Pods_MarvelMe.framework in Frameworks */,
			);
			runOnlyForDeploymentPostprocessing = 0;
		};
		C6ABADC024640D9000CA8AD0 /* Frameworks */ = {
			isa = PBXFrameworksBuildPhase;
			buildActionMask = 2147483647;
			files = (
				913EC3B3555C32CEA897EDB9 /* Pods_MarvelMeTests.framework in Frameworks */,
			);
			runOnlyForDeploymentPostprocessing = 0;
		};
/* End PBXFrameworksBuildPhase section */

/* Begin PBXGroup section */
		8ACDE75270C8680A2AC97D71 /* Pods */ = {
			isa = PBXGroup;
			children = (
				84878A7BFAC16894573CB7A8 /* Pods-MarvelMe.debug.xcconfig */,
				F6E22DAC504C4541CFC5F18F /* Pods-MarvelMe.release.xcconfig */,
				0F7D802A43B2953BDF66A8C8 /* Pods-MarvelMeTests.debug.xcconfig */,
				4753583561D7A5ACEA467D19 /* Pods-MarvelMeTests.release.xcconfig */,
			);
			path = Pods;
			sourceTree = "<group>";
		};
		B83C0545582A973BE7D8743D /* Frameworks */ = {
			isa = PBXGroup;
			children = (
				F127C58E9ABE273A6394DEA6 /* Pods_MarvelMe.framework */,
				D0857244A0DCBF85F65FAC99 /* Pods_MarvelMeTests.framework */,
			);
			name = Frameworks;
			sourceTree = "<group>";
		};
		C63A9CC72469AE2000FE0182 /* ComicDetail */ = {
			isa = PBXGroup;
			children = (
				C63A9CC82469AE6500FE0182 /* ComicDetailCoordinator.swift */,
				C63A9CCA2469AE7C00FE0182 /* ComicDetailViewModel.swift */,
				C63A9CCC2469AEA000FE0182 /* ComicDetailViewController.swift */,
			);
			path = ComicDetail;
			sourceTree = "<group>";
		};
		C6ABADA424640D8B00CA8AD0 = {
			isa = PBXGroup;
			children = (
				C6ABADAF24640D8B00CA8AD0 /* MarvelMe */,
				C6ABADC624640D9000CA8AD0 /* MarvelMeTests */,
				C6ABADAE24640D8B00CA8AD0 /* Products */,
				8ACDE75270C8680A2AC97D71 /* Pods */,
				B83C0545582A973BE7D8743D /* Frameworks */,
			);
			sourceTree = "<group>";
		};
		C6ABADAE24640D8B00CA8AD0 /* Products */ = {
			isa = PBXGroup;
			children = (
				C6ABADAD24640D8B00CA8AD0 /* MarvelMe.app */,
				C6ABADC324640D9000CA8AD0 /* MarvelMeTests.xctest */,
			);
			name = Products;
			sourceTree = "<group>";
		};
		C6ABADAF24640D8B00CA8AD0 /* MarvelMe */ = {
			isa = PBXGroup;
			children = (
				C6ABADD824644E5E00CA8AD0 /* Model */,
				C6ABADD5246439CC00CA8AD0 /* Service */,
				C6ABADB024640D8B00CA8AD0 /* AppDelegate.swift */,
				C6ABADDD2469602900CA8AD0 /* AppCoordinator.swift */,
				C63A9CC72469AE2000FE0182 /* ComicDetail */,
				C6ABADEB2469634300CA8AD0 /* ComicList */,
				C6ABADDF2469605D00CA8AD0 /* Coordinator.swift */,
				C6ABADB224640D8B00CA8AD0 /* SceneDelegate.swift */,
				C6ABADB924640D9000CA8AD0 /* Assets.xcassets */,
				C6ABADBB24640D9000CA8AD0 /* LaunchScreen.storyboard */,
				C6ABADBE24640D9000CA8AD0 /* Info.plist */,
			);
			path = MarvelMe;
			sourceTree = "<group>";
		};
		C6ABADC624640D9000CA8AD0 /* MarvelMeTests */ = {
			isa = PBXGroup;
			children = (
				C6ABADC724640D9000CA8AD0 /* MarvelMeTests.swift */,
				C6ABADC924640D9000CA8AD0 /* Info.plist */,
			);
			path = MarvelMeTests;
			sourceTree = "<group>";
		};
		C6ABADD5246439CC00CA8AD0 /* Service */ = {
			isa = PBXGroup;
			children = (
				C6ABADD6246439F000CA8AD0 /* MarvelService.swift */,
			);
			path = Service;
			sourceTree = "<group>";
		};
		C6ABADD824644E5E00CA8AD0 /* Model */ = {
			isa = PBXGroup;
			children = (
				C6ABADD924644E6D00CA8AD0 /* Comic.swift */,
				C63A9CCE246AB03B00FE0182 /* ComicDetail.swift */,
			);
			path = Model;
			sourceTree = "<group>";
		};
		C6ABADEB2469634300CA8AD0 /* ComicList */ = {
			isa = PBXGroup;
			children = (
				C6ABADE12469609B00CA8AD0 /* ComicListCoordinator.swift */,
				C6ABADE32469610500CA8AD0 /* ComicListViewModel.swift */,
				C6ABADE52469617D00CA8AD0 /* ComicListViewController.swift */,
				C6ABADE7246961BD00CA8AD0 /* ComicListCell.swift */,
				C6ABADE9246961FE00CA8AD0 /* ComicCellViewModel.swift */,
			);
			path = ComicList;
			sourceTree = "<group>";
		};
/* End PBXGroup section */

/* Begin PBXNativeTarget section */
		C6ABADAC24640D8B00CA8AD0 /* MarvelMe */ = {
			isa = PBXNativeTarget;
			buildConfigurationList = C6ABADCC24640D9000CA8AD0 /* Build configuration list for PBXNativeTarget "MarvelMe" */;
			buildPhases = (
				EED33C6F0C03560407DE2C7A /* [CP] Check Pods Manifest.lock */,
				C6ABADA924640D8B00CA8AD0 /* Sources */,
				C6ABADAA24640D8B00CA8AD0 /* Frameworks */,
				C6ABADAB24640D8B00CA8AD0 /* Resources */,
				9D07D563148C981AE4863E89 /* [CP] Embed Pods Frameworks */,
			);
			buildRules = (
			);
			dependencies = (
			);
			name = MarvelMe;
			productName = MarvelMe;
			productReference = C6ABADAD24640D8B00CA8AD0 /* MarvelMe.app */;
			productType = "com.apple.product-type.application";
		};
		C6ABADC224640D9000CA8AD0 /* MarvelMeTests */ = {
			isa = PBXNativeTarget;
			buildConfigurationList = C6ABADCF24640D9000CA8AD0 /* Build configuration list for PBXNativeTarget "MarvelMeTests" */;
			buildPhases = (
				A0D5804D85193A0731A3660E /* [CP] Check Pods Manifest.lock */,
				C6ABADBF24640D9000CA8AD0 /* Sources */,
				C6ABADC024640D9000CA8AD0 /* Frameworks */,
				C6ABADC124640D9000CA8AD0 /* Resources */,
				06C47AE825266060E1D3596C /* [CP] Embed Pods Frameworks */,
			);
			buildRules = (
			);
			dependencies = (
				C6ABADC524640D9000CA8AD0 /* PBXTargetDependency */,
			);
			name = MarvelMeTests;
			productName = MarvelMeTests;
			productReference = C6ABADC324640D9000CA8AD0 /* MarvelMeTests.xctest */;
			productType = "com.apple.product-type.bundle.unit-test";
		};
/* End PBXNativeTarget section */

/* Begin PBXProject section */
		C6ABADA524640D8B00CA8AD0 /* Project object */ = {
			isa = PBXProject;
			attributes = {
				LastSwiftUpdateCheck = 1140;
				LastUpgradeCheck = 1140;
				ORGANIZATIONNAME = "Ionut Ivan";
				TargetAttributes = {
					C6ABADAC24640D8B00CA8AD0 = {
						CreatedOnToolsVersion = 11.4.1;
					};
					C6ABADC224640D9000CA8AD0 = {
						CreatedOnToolsVersion = 11.4.1;
						TestTargetID = C6ABADAC24640D8B00CA8AD0;
					};
				};
			};
			buildConfigurationList = C6ABADA824640D8B00CA8AD0 /* Build configuration list for PBXProject "MarvelMe" */;
			compatibilityVersion = "Xcode 9.3";
			developmentRegion = en;
			hasScannedForEncodings = 0;
			knownRegions = (
				en,
				Base,
			);
			mainGroup = C6ABADA424640D8B00CA8AD0;
			productRefGroup = C6ABADAE24640D8B00CA8AD0 /* Products */;
			projectDirPath = "";
			projectRoot = "";
			targets = (
				C6ABADAC24640D8B00CA8AD0 /* MarvelMe */,
				C6ABADC224640D9000CA8AD0 /* MarvelMeTests */,
			);
		};
/* End PBXProject section */

/* Begin PBXResourcesBuildPhase section */
		C6ABADAB24640D8B00CA8AD0 /* Resources */ = {
			isa = PBXResourcesBuildPhase;
			buildActionMask = 2147483647;
			files = (
				C6ABADBD24640D9000CA8AD0 /* LaunchScreen.storyboard in Resources */,
				C6ABADBA24640D9000CA8AD0 /* Assets.xcassets in Resources */,
			);
			runOnlyForDeploymentPostprocessing = 0;
		};
		C6ABADC124640D9000CA8AD0 /* Resources */ = {
			isa = PBXResourcesBuildPhase;
			buildActionMask = 2147483647;
			files = (
			);
			runOnlyForDeploymentPostprocessing = 0;
		};
/* End PBXResourcesBuildPhase section */

/* Begin PBXShellScriptBuildPhase section */
		06C47AE825266060E1D3596C /* [CP] Embed Pods Frameworks */ = {
			isa = PBXShellScriptBuildPhase;
			buildActionMask = 2147483647;
			files = (
			);
			inputFileListPaths = (
				"${PODS_ROOT}/Target Support Files/Pods-MarvelMeTests/Pods-MarvelMeTests-frameworks-${CONFIGURATION}-input-files.xcfilelist",
			);
			name = "[CP] Embed Pods Frameworks";
			outputFileListPaths = (
				"${PODS_ROOT}/Target Support Files/Pods-MarvelMeTests/Pods-MarvelMeTests-frameworks-${CONFIGURATION}-output-files.xcfilelist",
			);
			runOnlyForDeploymentPostprocessing = 0;
			shellPath = /bin/sh;
			shellScript = "\"${PODS_ROOT}/Target Support Files/Pods-MarvelMeTests/Pods-MarvelMeTests-frameworks.sh\"\n";
			showEnvVarsInLog = 0;
		};
		9D07D563148C981AE4863E89 /* [CP] Embed Pods Frameworks */ = {
			isa = PBXShellScriptBuildPhase;
			buildActionMask = 2147483647;
			files = (
			);
			inputFileListPaths = (
				"${PODS_ROOT}/Target Support Files/Pods-MarvelMe/Pods-MarvelMe-frameworks-${CONFIGURATION}-input-files.xcfilelist",
			);
			name = "[CP] Embed Pods Frameworks";
			outputFileListPaths = (
				"${PODS_ROOT}/Target Support Files/Pods-MarvelMe/Pods-MarvelMe-frameworks-${CONFIGURATION}-output-files.xcfilelist",
			);
			runOnlyForDeploymentPostprocessing = 0;
			shellPath = /bin/sh;
			shellScript = "\"${PODS_ROOT}/Target Support Files/Pods-MarvelMe/Pods-MarvelMe-frameworks.sh\"\n";
			showEnvVarsInLog = 0;
		};
		A0D5804D85193A0731A3660E /* [CP] Check Pods Manifest.lock */ = {
			isa = PBXShellScriptBuildPhase;
			buildActionMask = 2147483647;
			files = (
			);
			inputFileListPaths = (
			);
			inputPaths = (
				"${PODS_PODFILE_DIR_PATH}/Podfile.lock",
				"${PODS_ROOT}/Manifest.lock",
			);
			name = "[CP] Check Pods Manifest.lock";
			outputFileListPaths = (
			);
			outputPaths = (
				"$(DERIVED_FILE_DIR)/Pods-MarvelMeTests-checkManifestLockResult.txt",
			);
			runOnlyForDeploymentPostprocessing = 0;
			shellPath = /bin/sh;
			shellScript = "diff \"${PODS_PODFILE_DIR_PATH}/Podfile.lock\" \"${PODS_ROOT}/Manifest.lock\" > /dev/null\nif [ $? != 0 ] ; then\n    # print error to STDERR\n    echo \"error: The sandbox is not in sync with the Podfile.lock. Run 'pod install' or update your CocoaPods installation.\" >&2\n    exit 1\nfi\n# This output is used by Xcode 'outputs' to avoid re-running this script phase.\necho \"SUCCESS\" > \"${SCRIPT_OUTPUT_FILE_0}\"\n";
			showEnvVarsInLog = 0;
		};
		EED33C6F0C03560407DE2C7A /* [CP] Check Pods Manifest.lock */ = {
			isa = PBXShellScriptBuildPhase;
			buildActionMask = 2147483647;
			files = (
			);
			inputFileListPaths = (
			);
			inputPaths = (
				"${PODS_PODFILE_DIR_PATH}/Podfile.lock",
				"${PODS_ROOT}/Manifest.lock",
			);
			name = "[CP] Check Pods Manifest.lock";
			outputFileListPaths = (
			);
			outputPaths = (
				"$(DERIVED_FILE_DIR)/Pods-MarvelMe-checkManifestLockResult.txt",
			);
			runOnlyForDeploymentPostprocessing = 0;
			shellPath = /bin/sh;
			shellScript = "diff \"${PODS_PODFILE_DIR_PATH}/Podfile.lock\" \"${PODS_ROOT}/Manifest.lock\" > /dev/null\nif [ $? != 0 ] ; then\n    # print error to STDERR\n    echo \"error: The sandbox is not in sync with the Podfile.lock. Run 'pod install' or update your CocoaPods installation.\" >&2\n    exit 1\nfi\n# This output is used by Xcode 'outputs' to avoid re-running this script phase.\necho \"SUCCESS\" > \"${SCRIPT_OUTPUT_FILE_0}\"\n";
			showEnvVarsInLog = 0;
		};
/* End PBXShellScriptBuildPhase section */

/* Begin PBXSourcesBuildPhase section */
		C6ABADA924640D8B00CA8AD0 /* Sources */ = {
			isa = PBXSourcesBuildPhase;
			buildActionMask = 2147483647;
			files = (
				C6ABADE22469609B00CA8AD0 /* ComicListCoordinator.swift in Sources */,
				C6ABADDE2469602900CA8AD0 /* AppCoordinator.swift in Sources */,
				C6ABADE62469617D00CA8AD0 /* ComicListViewController.swift in Sources */,
				C6ABADB124640D8B00CA8AD0 /* AppDelegate.swift in Sources */,
				C63A9CCF246AB03B00FE0182 /* ComicDetail.swift in Sources */,
				C6ABADDA24644E6D00CA8AD0 /* Comic.swift in Sources */,
				C6ABADE8246961BD00CA8AD0 /* ComicListCell.swift in Sources */,
				C6ABADD7246439F100CA8AD0 /* MarvelService.swift in Sources */,
				C6ABADEA246961FE00CA8AD0 /* ComicCellViewModel.swift in Sources */,
				C6ABADE42469610500CA8AD0 /* ComicListViewModel.swift in Sources */,
				C63A9CC92469AE6500FE0182 /* ComicDetailCoordinator.swift in Sources */,
				C6ABADB324640D8B00CA8AD0 /* SceneDelegate.swift in Sources */,
				C6ABADE02469605E00CA8AD0 /* Coordinator.swift in Sources */,
				C63A9CCB2469AE7C00FE0182 /* ComicDetailViewModel.swift in Sources */,
				C63A9CCD2469AEA000FE0182 /* ComicDetailViewController.swift in Sources */,
			);
			runOnlyForDeploymentPostprocessing = 0;
		};
		C6ABADBF24640D9000CA8AD0 /* Sources */ = {
			isa = PBXSourcesBuildPhase;
			buildActionMask = 2147483647;
			files = (
				C6ABADC824640D9000CA8AD0 /* MarvelMeTests.swift in Sources */,
			);
			runOnlyForDeploymentPostprocessing = 0;
		};
/* End PBXSourcesBuildPhase section */

/* Begin PBXTargetDependency section */
		C6ABADC524640D9000CA8AD0 /* PBXTargetDependency */ = {
			isa = PBXTargetDependency;
			target = C6ABADAC24640D8B00CA8AD0 /* MarvelMe */;
			targetProxy = C6ABADC424640D9000CA8AD0 /* PBXContainerItemProxy */;
		};
/* End PBXTargetDependency section */

/* Begin PBXVariantGroup section */
		C6ABADBB24640D9000CA8AD0 /* LaunchScreen.storyboard */ = {
			isa = PBXVariantGroup;
			children = (
				C6ABADBC24640D9000CA8AD0 /* Base */,
			);
			name = LaunchScreen.storyboard;
			sourceTree = "<group>";
		};
/* End PBXVariantGroup section */

/* Begin XCBuildConfiguration section */
		C6ABADCA24640D9000CA8AD0 /* Debug */ = {
			isa = XCBuildConfiguration;
			buildSettings = {
				ALWAYS_SEARCH_USER_PATHS = NO;
				CLANG_ANALYZER_NONNULL = YES;
				CLANG_ANALYZER_NUMBER_OBJECT_CONVERSION = YES_AGGRESSIVE;
				CLANG_CXX_LANGUAGE_STANDARD = "gnu++14";
				CLANG_CXX_LIBRARY = "libc++";
				CLANG_ENABLE_MODULES = YES;
				CLANG_ENABLE_OBJC_ARC = YES;
				CLANG_ENABLE_OBJC_WEAK = YES;
				CLANG_WARN_BLOCK_CAPTURE_AUTORELEASING = YES;
				CLANG_WARN_BOOL_CONVERSION = YES;
				CLANG_WARN_COMMA = YES;
				CLANG_WARN_CONSTANT_CONVERSION = YES;
				CLANG_WARN_DEPRECATED_OBJC_IMPLEMENTATIONS = YES;
				CLANG_WARN_DIRECT_OBJC_ISA_USAGE = YES_ERROR;
				CLANG_WARN_DOCUMENTATION_COMMENTS = YES;
				CLANG_WARN_EMPTY_BODY = YES;
				CLANG_WARN_ENUM_CONVERSION = YES;
				CLANG_WARN_INFINITE_RECURSION = YES;
				CLANG_WARN_INT_CONVERSION = YES;
				CLANG_WARN_NON_LITERAL_NULL_CONVERSION = YES;
				CLANG_WARN_OBJC_IMPLICIT_RETAIN_SELF = YES;
				CLANG_WARN_OBJC_LITERAL_CONVERSION = YES;
				CLANG_WARN_OBJC_ROOT_CLASS = YES_ERROR;
				CLANG_WARN_RANGE_LOOP_ANALYSIS = YES;
				CLANG_WARN_STRICT_PROTOTYPES = YES;
				CLANG_WARN_SUSPICIOUS_MOVE = YES;
				CLANG_WARN_UNGUARDED_AVAILABILITY = YES_AGGRESSIVE;
				CLANG_WARN_UNREACHABLE_CODE = YES;
				CLANG_WARN__DUPLICATE_METHOD_MATCH = YES;
				COPY_PHASE_STRIP = NO;
				DEBUG_INFORMATION_FORMAT = dwarf;
				ENABLE_STRICT_OBJC_MSGSEND = YES;
				ENABLE_TESTABILITY = YES;
				GCC_C_LANGUAGE_STANDARD = gnu11;
				GCC_DYNAMIC_NO_PIC = NO;
				GCC_NO_COMMON_BLOCKS = YES;
				GCC_OPTIMIZATION_LEVEL = 0;
				GCC_PREPROCESSOR_DEFINITIONS = (
					"DEBUG=1",
					"$(inherited)",
				);
				GCC_WARN_64_TO_32_BIT_CONVERSION = YES;
				GCC_WARN_ABOUT_RETURN_TYPE = YES_ERROR;
				GCC_WARN_UNDECLARED_SELECTOR = YES;
				GCC_WARN_UNINITIALIZED_AUTOS = YES_AGGRESSIVE;
				GCC_WARN_UNUSED_FUNCTION = YES;
				GCC_WARN_UNUSED_VARIABLE = YES;
				IPHONEOS_DEPLOYMENT_TARGET = 13.4;
				MTL_ENABLE_DEBUG_INFO = INCLUDE_SOURCE;
				MTL_FAST_MATH = YES;
				ONLY_ACTIVE_ARCH = YES;
				SDKROOT = iphoneos;
				SWIFT_ACTIVE_COMPILATION_CONDITIONS = DEBUG;
				SWIFT_OPTIMIZATION_LEVEL = "-Onone";
			};
			name = Debug;
		};
		C6ABADCB24640D9000CA8AD0 /* Release */ = {
			isa = XCBuildConfiguration;
			buildSettings = {
				ALWAYS_SEARCH_USER_PATHS = NO;
				CLANG_ANALYZER_NONNULL = YES;
				CLANG_ANALYZER_NUMBER_OBJECT_CONVERSION = YES_AGGRESSIVE;
				CLANG_CXX_LANGUAGE_STANDARD = "gnu++14";
				CLANG_CXX_LIBRARY = "libc++";
				CLANG_ENABLE_MODULES = YES;
				CLANG_ENABLE_OBJC_ARC = YES;
				CLANG_ENABLE_OBJC_WEAK = YES;
				CLANG_WARN_BLOCK_CAPTURE_AUTORELEASING = YES;
				CLANG_WARN_BOOL_CONVERSION = YES;
				CLANG_WARN_COMMA = YES;
				CLANG_WARN_CONSTANT_CONVERSION = YES;
				CLANG_WARN_DEPRECATED_OBJC_IMPLEMENTATIONS = YES;
				CLANG_WARN_DIRECT_OBJC_ISA_USAGE = YES_ERROR;
				CLANG_WARN_DOCUMENTATION_COMMENTS = YES;
				CLANG_WARN_EMPTY_BODY = YES;
				CLANG_WARN_ENUM_CONVERSION = YES;
				CLANG_WARN_INFINITE_RECURSION = YES;
				CLANG_WARN_INT_CONVERSION = YES;
				CLANG_WARN_NON_LITERAL_NULL_CONVERSION = YES;
				CLANG_WARN_OBJC_IMPLICIT_RETAIN_SELF = YES;
				CLANG_WARN_OBJC_LITERAL_CONVERSION = YES;
				CLANG_WARN_OBJC_ROOT_CLASS = YES_ERROR;
				CLANG_WARN_RANGE_LOOP_ANALYSIS = YES;
				CLANG_WARN_STRICT_PROTOTYPES = YES;
				CLANG_WARN_SUSPICIOUS_MOVE = YES;
				CLANG_WARN_UNGUARDED_AVAILABILITY = YES_AGGRESSIVE;
				CLANG_WARN_UNREACHABLE_CODE = YES;
				CLANG_WARN__DUPLICATE_METHOD_MATCH = YES;
				COPY_PHASE_STRIP = NO;
				DEBUG_INFORMATION_FORMAT = "dwarf-with-dsym";
				ENABLE_NS_ASSERTIONS = NO;
				ENABLE_STRICT_OBJC_MSGSEND = YES;
				GCC_C_LANGUAGE_STANDARD = gnu11;
				GCC_NO_COMMON_BLOCKS = YES;
				GCC_WARN_64_TO_32_BIT_CONVERSION = YES;
				GCC_WARN_ABOUT_RETURN_TYPE = YES_ERROR;
				GCC_WARN_UNDECLARED_SELECTOR = YES;
				GCC_WARN_UNINITIALIZED_AUTOS = YES_AGGRESSIVE;
				GCC_WARN_UNUSED_FUNCTION = YES;
				GCC_WARN_UNUSED_VARIABLE = YES;
				IPHONEOS_DEPLOYMENT_TARGET = 13.4;
				MTL_ENABLE_DEBUG_INFO = NO;
				MTL_FAST_MATH = YES;
				SDKROOT = iphoneos;
				SWIFT_COMPILATION_MODE = wholemodule;
				SWIFT_OPTIMIZATION_LEVEL = "-O";
				VALIDATE_PRODUCT = YES;
			};
			name = Release;
		};
		C6ABADCD24640D9000CA8AD0 /* Debug */ = {
			isa = XCBuildConfiguration;
			baseConfigurationReference = 84878A7BFAC16894573CB7A8 /* Pods-MarvelMe.debug.xcconfig */;
			buildSettings = {
				ASSETCATALOG_COMPILER_APPICON_NAME = AppIcon;
				CODE_SIGN_STYLE = Automatic;
				INFOPLIST_FILE = MarvelMe/Info.plist;
				LD_RUNPATH_SEARCH_PATHS = (
					"$(inherited)",
					"@executable_path/Frameworks",
				);
				PRODUCT_BUNDLE_IDENTIFIER = com.nasa.MarvelMe;
				PRODUCT_NAME = "$(TARGET_NAME)";
				SWIFT_VERSION = 5.0;
				TARGETED_DEVICE_FAMILY = "1,2";
			};
			name = Debug;
		};
		C6ABADCE24640D9000CA8AD0 /* Release */ = {
			isa = XCBuildConfiguration;
			baseConfigurationReference = F6E22DAC504C4541CFC5F18F /* Pods-MarvelMe.release.xcconfig */;
			buildSettings = {
				ASSETCATALOG_COMPILER_APPICON_NAME = AppIcon;
				CODE_SIGN_STYLE = Automatic;
				INFOPLIST_FILE = MarvelMe/Info.plist;
				LD_RUNPATH_SEARCH_PATHS = (
					"$(inherited)",
					"@executable_path/Frameworks",
				);
				PRODUCT_BUNDLE_IDENTIFIER = com.nasa.MarvelMe;
				PRODUCT_NAME = "$(TARGET_NAME)";
				SWIFT_VERSION = 5.0;
				TARGETED_DEVICE_FAMILY = "1,2";
			};
			name = Release;
		};
		C6ABADD024640D9000CA8AD0 /* Debug */ = {
			isa = XCBuildConfiguration;
			baseConfigurationReference = 0F7D802A43B2953BDF66A8C8 /* Pods-MarvelMeTests.debug.xcconfig */;
			buildSettings = {
				ALWAYS_EMBED_SWIFT_STANDARD_LIBRARIES = YES;
				BUNDLE_LOADER = "$(TEST_HOST)";
				CODE_SIGN_STYLE = Automatic;
				INFOPLIST_FILE = MarvelMeTests/Info.plist;
				IPHONEOS_DEPLOYMENT_TARGET = 13.4;
				LD_RUNPATH_SEARCH_PATHS = (
					"$(inherited)",
					"@executable_path/Frameworks",
					"@loader_path/Frameworks",
				);
				PRODUCT_BUNDLE_IDENTIFIER = com.nasa.MarvelMeTests;
				PRODUCT_NAME = "$(TARGET_NAME)";
				SWIFT_VERSION = 5.0;
				TARGETED_DEVICE_FAMILY = "1,2";
				TEST_HOST = "$(BUILT_PRODUCTS_DIR)/MarvelMe.app/MarvelMe";
			};
			name = Debug;
		};
		C6ABADD124640D9000CA8AD0 /* Release */ = {
			isa = XCBuildConfiguration;
			baseConfigurationReference = 4753583561D7A5ACEA467D19 /* Pods-MarvelMeTests.release.xcconfig */;
			buildSettings = {
				ALWAYS_EMBED_SWIFT_STANDARD_LIBRARIES = YES;
				BUNDLE_LOADER = "$(TEST_HOST)";
				CODE_SIGN_STYLE = Automatic;
				INFOPLIST_FILE = MarvelMeTests/Info.plist;
				IPHONEOS_DEPLOYMENT_TARGET = 13.4;
				LD_RUNPATH_SEARCH_PATHS = (
					"$(inherited)",
					"@executable_path/Frameworks",
					"@loader_path/Frameworks",
				);
				PRODUCT_BUNDLE_IDENTIFIER = com.nasa.MarvelMeTests;
				PRODUCT_NAME = "$(TARGET_NAME)";
				SWIFT_VERSION = 5.0;
				TARGETED_DEVICE_FAMILY = "1,2";
				TEST_HOST = "$(BUILT_PRODUCTS_DIR)/MarvelMe.app/MarvelMe";
			};
			name = Release;
		};
/* End XCBuildConfiguration section */

/* Begin XCConfigurationList section */
		C6ABADA824640D8B00CA8AD0 /* Build configuration list for PBXProject "MarvelMe" */ = {
			isa = XCConfigurationList;
			buildConfigurations = (
				C6ABADCA24640D9000CA8AD0 /* Debug */,
				C6ABADCB24640D9000CA8AD0 /* Release */,
			);
			defaultConfigurationIsVisible = 0;
			defaultConfigurationName = Release;
		};
		C6ABADCC24640D9000CA8AD0 /* Build configuration list for PBXNativeTarget "MarvelMe" */ = {
			isa = XCConfigurationList;
			buildConfigurations = (
				C6ABADCD24640D9000CA8AD0 /* Debug */,
				C6ABADCE24640D9000CA8AD0 /* Release */,
			);
			defaultConfigurationIsVisible = 0;
			defaultConfigurationName = Release;
		};
		C6ABADCF24640D9000CA8AD0 /* Build configuration list for PBXNativeTarget "MarvelMeTests" */ = {
			isa = XCConfigurationList;
			buildConfigurations = (
				C6ABADD024640D9000CA8AD0 /* Debug */,
				C6ABADD124640D9000CA8AD0 /* Release */,
			);
			defaultConfigurationIsVisible = 0;
			defaultConfigurationName = Release;
		};
/* End XCConfigurationList section */
	};
	rootObject = C6ABADA524640D8B00CA8AD0 /* Project object */;
}
